
Microsoft Visual Studio Solution File, Format Version 12.00
# Visual Studio Version 17
VisualStudioVersion = 17.11.35219.272
MinimumVisualStudioVersion = 10.0.40219.1
Project("{FAE04EC0-301F-11D3-BF4B-00C04F79EFBC}") = "ASCII art", "ASCII art\ASCII art.csproj", "{24C16E45-CE32-47F3-88BB-750F85325554}"
EndProject
Global
	GlobalSection(SolutionConfigurationPlatforms) = preSolution
		Debug|Any CPU = Debug|Any CPU
		Release|Any CPU = Release|Any CPU
	EndGlobalSection
	GlobalSection(ProjectConfigurationPlatforms) = postSolution
		{24C16E45-CE32-47F3-88BB-750F85325554}.Debug|Any CPU.ActiveCfg = Debug|Any CPU
		{24C16E45-CE32-47F3-88BB-750F85325554}.Debug|Any CPU.Build.0 = Debug|Any CPU
		{24C16E45-CE32-47F3-88BB-750F85325554}.Release|Any CPU.ActiveCfg = Release|Any CPU
		{24C16E45-CE32-47F3-88BB-750F85325554}.Release|Any CPU.Build.0 = Release|Any CPU
	EndGlobalSection
	GlobalSection(SolutionProperties) = preSolution
		HideSolutionNode = FALSE
	EndGlobalSection
	GlobalSection(ExtensibilityGlobals) = postSolution
		SolutionGuid = {54C9E683-8202-490C-87AE-D2D09DF56E3F}
	EndGlobalSection
EndGlobal
